{
    "_meta": {
        "hash": {
            "sha256": "275cbe7168c0744265a88c244ba25b9c772703acbad2c59a6a5cfa1c6dd2e518"
        },
        "pipfile-spec": 6,
        "requires": {
            "python_version": "3.7"
        },
        "sources": [
            {
                "name": "pypi",
                "url": "https://pypi.org/simple",
                "verify_ssl": true
            }
        ]
    },
    "default": {
        "blessed": {
            "hashes": [
                "sha256:8371d69ac55558e4b1591964873d6721136e9ea17a730aeb3add7d27761b134b",
                "sha256:a9a774fc6eda05248735b0d86e866d640ca2fef26038878f7e4d23f7749a1e40"
            ],
            "version": "==1.17.6"
        },
        "click": {
            "hashes": [
                "sha256:d2b5255c7c6349bc1bd1e59e08cd12acbbd63ce649f2588755783aa94dfb6b1a",
                "sha256:dacca89f4bfadd5de3d7489b7c8a566eee0d3676333fbb50030263894c38c0dc"
            ],
            "index": "pypi",
            "version": "==7.1.2"
        },
        "click-help-colors": {
            "hashes": [
                "sha256:0d841a4058ec88c47f93ff6f32547a055f8e0a0273f6bd6cb3e08430f195131d",
                "sha256:119e5faf69cfc919c995c5962326ac8fd87f11e56a371af594e3dfd8458f4c6e"
            ],
            "index": "pypi",
            "version": "==0.8"
        },
        "emoji": {
            "hashes": [
                "sha256:e42da4f8d648f8ef10691bc246f682a1ec6b18373abfd9be10ec0b398823bd11"
            ],
            "index": "pypi",
            "version": "==0.6.0"
        },
        "gitdb": {
            "hashes": [
                "sha256:91f36bfb1ab7949b3b40e23736db18231bf7593edada2ba5c3a174a7b23657ac",
                "sha256:c9e1f2d0db7ddb9a704c2a0217be31214e91a4fe1dea1efad19ae42ba0c285c9"
            ],
            "markers": "python_version >= '3.4'",
            "version": "==4.0.5"
        },
        "gitignore-parser": {
            "hashes": [
                "sha256:b4e6e63d971810cbd2168bc02deddba719c07da655eaf56336d4bb0233ecef85"
            ],
            "index": "pypi",
            "version": "==0.0.8"
        },
        "gitpython": {
            "hashes": [
                "sha256:138016d519bf4dd55b22c682c904ed2fd0235c3612b2f8f65ce218ff358deed8",
                "sha256:a03f728b49ce9597a6655793207c6ab0da55519368ff5961e4a74ae475b9fa8e"
            ],
            "index": "pypi",
            "version": "==3.1.9"
        },
        "inquirer": {
            "hashes": [
                "sha256:d15e15de1ad5696f1967e7a23d8e2fce69d2e41a70b008948d676881ed94c3a5",
                "sha256:e819188de0ca7985a99c282176c6f50fb08b0d33867fd1965d3f3e97d6c8f83f"
            ],
            "index": "pypi",
            "version": "==2.7.0"
        },
        "invoke": {
            "hashes": [
                "sha256:87b3ef9d72a1667e104f89b159eaf8a514dbf2f3576885b2bbdefe74c3fb2132",
                "sha256:93e12876d88130c8e0d7fd6618dd5387d6b36da55ad541481dfa5e001656f134",
                "sha256:de3f23bfe669e3db1085789fd859eb8ca8e0c5d9c20811e2407fa042e8a5e15d"
            ],
            "index": "pypi",
            "version": "==1.4.1"
        },
        "pathlib2": {
            "hashes": [
                "sha256:0ec8205a157c80d7acc301c0b18fbd5d44fe655968f5d947b6ecef5290fc35db",
                "sha256:6cd9a47b597b37cc57de1c05e56fb1a1c9cc9fab04fe78c29acd090418529868"
            ],
            "index": "pypi",
            "version": "==2.3.5"
        },
        "prompt-toolkit": {
            "hashes": [
                "sha256:7281b5199235adaef6980942840c43753e4ab20dfe41338da634fb41c194f9d8",
                "sha256:82c7f8e07d7a0411ff5367a5a8ff520f0112b9179f3e599ee8ad2ad9b943d911",
                "sha256:cc66413b1b4b17021675d9f2d15d57e640b06ddfd99bb724c73484126d22622f"
            ],
            "version": "==1.0.14"
        },
        "psutil": {
            "hashes": [
                "sha256:0ee3c36428f160d2d8fce3c583a0353e848abb7de9732c50cf3356dd49ad63f8",
                "sha256:10512b46c95b02842c225f58fa00385c08fa00c68bac7da2d9a58ebe2c517498",
                "sha256:4080869ed93cce662905b029a1770fe89c98787e543fa7347f075ade761b19d6",
                "sha256:5e9d0f26d4194479a13d5f4b3798260c20cecf9ac9a461e718eb59ea520a360c",
                "sha256:66c18ca7680a31bf16ee22b1d21b6397869dda8059dbdb57d9f27efa6615f195",
                "sha256:68d36986ded5dac7c2dcd42f2682af1db80d4bce3faa126a6145c1637e1b559f",
                "sha256:90990af1c3c67195c44c9a889184f84f5b2320dce3ee3acbd054e3ba0b4a7beb",
                "sha256:a5b120bb3c0c71dfe27551f9da2f3209a8257a178ed6c628a819037a8df487f1",
                "sha256:d8a82162f23c53b8525cf5f14a355f5d1eea86fa8edde27287dd3a98399e4fdf",
                "sha256:f2018461733b23f308c298653c8903d32aaad7873d25e1d228765e91ae42c3f2",
                "sha256:ff1977ba1a5f71f89166d5145c3da1cea89a0fdb044075a12c720ee9123ec818"
            ],
            "index": "pypi",
            "version": "==5.7.2"
        },
        "pygments": {
            "hashes": [
                "sha256:307543fe65c0947b126e83dd5a61bd8acbd84abec11f43caebaf5534cbc17998",
                "sha256:926c3f319eda178d1bd90851e4317e6d8cdb5e292a3386aac9bd75eca29cf9c7"
            ],
            "markers": "python_version >= '3.5'",
            "version": "==2.7.1"
        },
        "pyinquirer": {
            "hashes": [
                "sha256:c9a92d68d7727fbd886a7908c08fd9e9773e5dc211bf5cbf836ba90d366dee51"
            ],
            "index": "pypi",
            "version": "==1.0.3"
        },
        "python-editor": {
            "hashes": [
                "sha256:1bf6e860a8ad52a14c3ee1252d5dc25b2030618ed80c022598f00176adc8367d",
                "sha256:51fda6bcc5ddbbb7063b2af7509e43bd84bfc32a4ff71349ec7847713882327b",
                "sha256:5f98b069316ea1c2ed3f67e7f5df6c0d8f10b689964a4a811ff64f0106819ec8",
                "sha256:c3da2053dbab6b29c94e43c486ff67206eafbe7eb52dbec7390b5e2fb05aac77",
                "sha256:ea87e17f6ec459e780e4221f295411462e0d0810858e055fc514684350a2f522"
            ],
            "version": "==1.0.4"
        },
        "readchar": {
            "hashes": [
                "sha256:3ac34aab28563bc895f73233d5c08b28f951ca190d5850b8d4bec973132a8dca",
                "sha256:ed00b7a49bb12f345319d9fa393f289f03670310ada2beb55e8c3f017c648f1e"
            ],
            "version": "==2.0.1"
        },
        "regex": {
            "hashes": [
                "sha256:02686a2f0b1a4be0facdd0d3ad4dc6c23acaa0f38fb5470d892ae88584ba705c",
                "sha256:137da580d1e6302484be3ef41d72cf5c3ad22a076070051b7449c0e13ab2c482",
                "sha256:20cdd7e1736f4f61a5161aa30d05ac108ab8efc3133df5eb70fe1e6a23ea1ca6",
                "sha256:25991861c6fef1e5fd0a01283cf5658c5e7f7aa644128e85243bc75304e91530",
                "sha256:26b85672275d8c7a9d4ff93dbc4954f5146efdb2ecec89ad1de49439984dea14",
                "sha256:2f60ba5c33f00ce9be29a140e6f812e39880df8ba9cb92ad333f0016dbc30306",
                "sha256:3dd952f3f8dc01b72c0cf05b3631e05c50ac65ddd2afdf26551638e97502107b",
                "sha256:578ac6379e65eb8e6a85299b306c966c852712c834dc7eef0ba78d07a828f67b",
                "sha256:5d4a3221f37520bb337b64a0632716e61b26c8ae6aaffceeeb7ad69c009c404b",
                "sha256:608d6c05452c0e6cc49d4d7407b4767963f19c4d2230fa70b7201732eedc84f2",
                "sha256:65b6b018b07e9b3b6a05c2c3bb7710ed66132b4df41926c243887c4f1ff303d5",
                "sha256:698f8a5a2815e1663d9895830a063098ae2f8f2655ae4fdc5dfa2b1f52b90087",
                "sha256:6c72adb85adecd4522a488a751e465842cdd2a5606b65464b9168bf029a54272",
                "sha256:6d4cdb6c20e752426b2e569128488c5046fb1b16b1beadaceea9815c36da0847",
                "sha256:6e9f72e0ee49f7d7be395bfa29e9533f0507a882e1e6bf302c0a204c65b742bf",
                "sha256:828618f3c3439c5e6ef8621e7c885ca561bbaaba90ddbb6a7dfd9e1ec8341103",
                "sha256:85b733a1ef2b2e7001aff0e204a842f50ad699c061856a214e48cfb16ace7d0c",
                "sha256:8958befc139ac4e3f16d44ec386c490ea2121ed8322f4956f83dd9cad8e9b922",
                "sha256:a51e51eecdac39a50ede4aeed86dbef4776e3b73347d31d6ad0bc9648ba36049",
                "sha256:aeac7c9397480450016bc4a840eefbfa8ca68afc1e90648aa6efbfe699e5d3bb",
                "sha256:aef23aed9d4017cc74d37f703d57ce254efb4c8a6a01905f40f539220348abf9",
                "sha256:af1f5e997dd1ee71fb6eb4a0fb6921bf7a778f4b62f1f7ef0d7445ecce9155d6",
                "sha256:b5eeaf4b5ef38fab225429478caf71f44d4a0b44d39a1aa4d4422cda23a9821b",
                "sha256:d25f5cca0f3af6d425c9496953445bf5b288bb5b71afc2b8308ad194b714c159",
                "sha256:d81be22d5d462b96a2aa5c512f741255ba182995efb0114e5a946fe254148df1",
                "sha256:e935a166a5f4c02afe3f7e4ce92ce5a786f75c6caa0c4ce09c922541d74b77e8",
                "sha256:ef3a55b16c6450574734db92e0a3aca283290889934a23f7498eaf417e3af9f0"
            ],
            "version": "==2020.10.15"
        },
        "six": {
            "hashes": [
                "sha256:30639c035cdb23534cd4aa2dd52c3bf48f06e5f4a941509c8bafd8ce11080259",
                "sha256:8b74bedcbbbaca38ff6d7491d76f2b06b3592611af620f8426e82dddb04a5ced"
            ],
            "markers": "python_version >= '2.7' and python_version not in '3.0, 3.1, 3.2'",
            "version": "==1.15.0"
        },
        "smmap": {
            "hashes": [
                "sha256:54c44c197c819d5ef1991799a7e30b662d1e520f2ac75c9efbeb54a742214cf4",
                "sha256:9c98bbd1f9786d22f14b3d4126894d56befb835ec90cef151af566c7e19b5d24"
            ],
            "markers": "python_version >= '2.7' and python_version not in '3.0, 3.1, 3.2, 3.3'",
            "version": "==3.0.4"
        },
        "termcolor": {
            "hashes": [
                "sha256:1d6d69ce66211143803fbc56652b41d73b4a400a2891d7bf7a1cdf4c02de613b"
            ],
            "index": "pypi",
            "version": "==1.1.0"
        },
        "wcwidth": {
            "hashes": [
                "sha256:beb4802a9cebb9144e99086eff703a642a13d6a0052920003a230f3294bbe784",
                "sha256:c4d647b99872929fdb7bdcaa4fbe7f01413ed3d98077df798530e5b04f116c83"
            ],
            "version": "==0.2.5"
        }
    },
    "develop": {
        "astroid": {
            "hashes": [
                "sha256:2f4078c2a41bf377eea06d71c9d2ba4eb8f6b1af2135bec27bbbb7d8f12bb703",
                "sha256:bc58d83eb610252fd8de6363e39d4f1d0619c894b0ed24603b881c02e64c7386"
            ],
            "markers": "python_version >= '3.5'",
            "version": "==2.4.2"
        },
        "attrs": {
            "hashes": [
                "sha256:26b54ddbbb9ee1d34d5d3668dd37d6cf74990ab23c828c2888dccdceee395594",
                "sha256:fce7fc47dfc976152e82d53ff92fa0407700c21acd20886a13777a0d20e655dc"
            ],
            "markers": "python_version >= '2.7' and python_version not in '3.0, 3.1, 3.2, 3.3'",
            "version": "==20.2.0"
        },
        "importlib-metadata": {
            "hashes": [
                "sha256:77a540690e24b0305878c37ffd421785a6f7e53c8b5720d211b211de8d0e95da",
                "sha256:cefa1a2f919b866c5beb7c9f7b0ebb4061f30a8a9bf16d609b000e2dfaceb9c3"
            ],
            "markers": "python_version < '3.8' and python_version < '3.8'",
            "version": "==2.0.0"
        },
        "iniconfig": {
            "hashes": [
                "sha256:011e24c64b7f47f6ebd835bb12a743f2fbe9a26d4cecaa7f53bc4f35ee9da8b3",
                "sha256:bc3af051d7d14b2ee5ef9969666def0cd1a000e121eaea580d4a313df4b37f32"
            ],
            "version": "==1.1.1"
        },
        "isort": {
            "hashes": [
                "sha256:dcab1d98b469a12a1a624ead220584391648790275560e1a43e54c5dceae65e7",
                "sha256:dcaeec1b5f0eca77faea2a35ab790b4f3680ff75590bfcb7145986905aab2f58"
            ],
            "markers": "python_version >= '3.6' and python_version < '4.0'",
            "version": "==5.6.4"
        },
        "lazy-object-proxy": {
            "hashes": [
                "sha256:0c4b206227a8097f05c4dbdd323c50edf81f15db3b8dc064d08c62d37e1a504d",
                "sha256:194d092e6f246b906e8f70884e620e459fc54db3259e60cf69a4d66c3fda3449",
                "sha256:1be7e4c9f96948003609aa6c974ae59830a6baecc5376c25c92d7d697e684c08",
                "sha256:4677f594e474c91da97f489fea5b7daa17b5517190899cf213697e48d3902f5a",
                "sha256:48dab84ebd4831077b150572aec802f303117c8cc5c871e182447281ebf3ac50",
                "sha256:5541cada25cd173702dbd99f8e22434105456314462326f06dba3e180f203dfd",
                "sha256:59f79fef100b09564bc2df42ea2d8d21a64fdcda64979c0fa3db7bdaabaf6239",
                "sha256:8d859b89baf8ef7f8bc6b00aa20316483d67f0b1cbf422f5b4dc56701c8f2ffb",
                "sha256:9254f4358b9b541e3441b007a0ea0764b9d056afdeafc1a5569eee1cc6c1b9ea",
                "sha256:9651375199045a358eb6741df3e02a651e0330be090b3bc79f6d0de31a80ec3e",
                "sha256:97bb5884f6f1cdce0099f86b907aa41c970c3c672ac8b9c8352789e103cf3156",
                "sha256:9b15f3f4c0f35727d3a0fba4b770b3c4ebbb1fa907dbcc046a1d2799f3edd142",
                "sha256:a2238e9d1bb71a56cd710611a1614d1194dc10a175c1e08d75e1a7bcc250d442",
                "sha256:a6ae12d08c0bf9909ce12385803a543bfe99b95fe01e752536a60af2b7797c62",
                "sha256:ca0a928a3ddbc5725be2dd1cf895ec0a254798915fb3a36af0964a0a4149e3db",
                "sha256:cb2c7c57005a6804ab66f106ceb8482da55f5314b7fcb06551db1edae4ad1531",
                "sha256:d74bb8693bf9cf75ac3b47a54d716bbb1a92648d5f781fc799347cfc95952383",
                "sha256:d945239a5639b3ff35b70a88c5f2f491913eb94871780ebfabb2568bd58afc5a",
                "sha256:eba7011090323c1dadf18b3b689845fd96a61ba0a1dfbd7f24b921398affc357",
                "sha256:efa1909120ce98bbb3777e8b6f92237f5d5c8ea6758efea36a473e1d38f7d3e4",
                "sha256:f3900e8a5de27447acbf900b4750b0ddfd7ec1ea7fbaf11dfa911141bc522af0"
            ],
            "markers": "python_version >= '2.7' and python_version not in '3.0, 3.1, 3.2, 3.3'",
            "version": "==1.4.3"
        },
        "mccabe": {
            "hashes": [
                "sha256:ab8a6258860da4b6677da4bd2fe5dc2c659cff31b3ee4f7f5d64e79735b80d42",
                "sha256:dd8d182285a0fe56bace7f45b5e7d1a6ebcbf524e8f3bd87eb0f125271b8831f"
            ],
            "version": "==0.6.1"
        },
        "packaging": {
            "hashes": [
                "sha256:4357f74f47b9c12db93624a82154e9b120fa8293699949152b22065d556079f8",
                "sha256:998416ba6962ae7fbd6596850b80e17859a5753ba17c32284f67bfff33784181"
            ],
            "markers": "python_version >= '2.7' and python_version not in '3.0, 3.1, 3.2, 3.3'",
            "version": "==20.4"
        },
        "pluggy": {
            "hashes": [
                "sha256:15b2acde666561e1298d71b523007ed7364de07029219b604cf808bfa1c765b0",
                "sha256:966c145cd83c96502c3c3868f50408687b38434af77734af1e9ca461a4081d2d"
            ],
            "markers": "python_version >= '2.7' and python_version not in '3.0, 3.1, 3.2, 3.3'",
            "version": "==0.13.1"
        },
        "py": {
            "hashes": [
                "sha256:366389d1db726cd2fcfc79732e75410e5fe4d31db13692115529d34069a043c2",
                "sha256:9ca6883ce56b4e8da7e79ac18787889fa5206c79dcc67fb065376cd2fe03f342"
            ],
            "markers": "python_version >= '2.7' and python_version not in '3.0, 3.1, 3.2, 3.3'",
            "version": "==1.9.0"
        },
        "pylint": {
            "hashes": [
                "sha256:bb4a908c9dadbc3aac18860550e870f58e1a02c9f2c204fdf5693d73be061210",
                "sha256:bfe68f020f8a0fece830a22dd4d5dddb4ecc6137db04face4c3420a46a52239f"
            ],
            "index": "pypi",
            "version": "==2.6.0"
        },
        "pyparsing": {
            "hashes": [
                "sha256:c203ec8783bf771a155b207279b9bccb8dea02d8f0c9e5f8ead507bc3246ecc1",
                "sha256:ef9d7589ef3c200abe66653d3f1ab1033c3c419ae9b9bdb1240a85b024efc88b"
            ],
            "markers": "python_version >= '2.6' and python_version not in '3.0, 3.1, 3.2'",
            "version": "==2.4.7"
        },
        "pytest": {
            "hashes": [
                "sha256:7a8190790c17d79a11f847fba0b004ee9a8122582ebff4729a082c109e81a4c9",
                "sha256:8f593023c1a0f916110285b6efd7f99db07d59546e3d8c36fc60e2ab05d3be92"
            ],
            "index": "pypi",
            "version": "==6.1.1"
        },
        "six": {
            "hashes": [
                "sha256:30639c035cdb23534cd4aa2dd52c3bf48f06e5f4a941509c8bafd8ce11080259",
                "sha256:8b74bedcbbbaca38ff6d7491d76f2b06b3592611af620f8426e82dddb04a5ced"
            ],
            "markers": "python_version >= '2.7' and python_version not in '3.0, 3.1, 3.2'",
            "version": "==1.15.0"
        },
        "toml": {
            "hashes": [
                "sha256:926b612be1e5ce0634a2ca03470f95169cf16f939018233a670519cb4ac58b0f",
                "sha256:bda89d5935c2eac546d648028b9901107a595863cb36bae0c73ac804a9b4ce88"
            ],
            "version": "==0.10.1"
        },
        "typed-ast": {
            "hashes": [
                "sha256:0666aa36131496aed8f7be0410ff974562ab7eeac11ef351def9ea6fa28f6355",
                "sha256:0c2c07682d61a629b68433afb159376e24e5b2fd4641d35424e462169c0a7919",
                "sha256:249862707802d40f7f29f6e1aad8d84b5aa9e44552d2cc17384b209f091276aa",
                "sha256:24995c843eb0ad11a4527b026b4dde3da70e1f2d8806c99b7b4a7cf491612652",
                "sha256:269151951236b0f9a6f04015a9004084a5ab0d5f19b57de779f908621e7d8b75",
                "sha256:4083861b0aa07990b619bd7ddc365eb7fa4b817e99cf5f8d9cf21a42780f6e01",
                "sha256:498b0f36cc7054c1fead3d7fc59d2150f4d5c6c56ba7fb150c013fbc683a8d2d",
                "sha256:4e3e5da80ccbebfff202a67bf900d081906c358ccc3d5e3c8aea42fdfdfd51c1",
                "sha256:6daac9731f172c2a22ade6ed0c00197ee7cc1221aa84cfdf9c31defeb059a907",
                "sha256:715ff2f2df46121071622063fc7543d9b1fd19ebfc4f5c8895af64a77a8c852c",
                "sha256:73d785a950fc82dd2a25897d525d003f6378d1cb23ab305578394694202a58c3",
                "sha256:8c8aaad94455178e3187ab22c8b01a3837f8ee50e09cf31f1ba129eb293ec30b",
                "sha256:8ce678dbaf790dbdb3eba24056d5364fb45944f33553dd5869b7580cdbb83614",
                "sha256:aaee9905aee35ba5905cfb3c62f3e83b3bec7b39413f0a7f19be4e547ea01ebb",
                "sha256:bcd3b13b56ea479b3650b82cabd6b5343a625b0ced5429e4ccad28a8973f301b",
                "sha256:c9e348e02e4d2b4a8b2eedb48210430658df6951fa484e59de33ff773fbd4b41",
                "sha256:d205b1b46085271b4e15f670058ce182bd1199e56b317bf2ec004b6a44f911f6",
                "sha256:d43943ef777f9a1c42bf4e552ba23ac77a6351de620aa9acf64ad54933ad4d34",
                "sha256:d5d33e9e7af3b34a40dc05f498939f0ebf187f07c385fd58d591c533ad8562fe",
                "sha256:fc0fea399acb12edbf8a628ba8d2312f583bdbdb3335635db062fa98cf71fca4",
                "sha256:fe460b922ec15dd205595c9b5b99e2f056fd98ae8f9f56b888e7a17dc2b757e7"
            ],
            "markers": "implementation_name == 'cpython' and python_version < '3.8'",
            "version": "==1.4.1"
        },
        "wrapt": {
            "hashes": [
                "sha256:b62ffa81fb85f4332a4f609cab4ac40709470da05643a082ec1eb88e6d9b97d7"
            ],
            "version": "==1.12.1"
        },
        "zipp": {
            "hashes": [
                "sha256:16522f69653f0d67be90e8baa4a46d66389145b734345d68a257da53df670903",
                "sha256:c1532a8030c32fd52ff6a288d855fe7adef5823ba1d26a29a68fd6314aa72baa"
            ],
            "markers": "python_version >= '3.6'",
            "version": "==3.3.1"
        }
    }
}
